
Microsoft Visual Studio Solution File, Format Version 12.00
# Visual Studio Version 16
VisualStudioVersion = 16.0.30717.126
MinimumVisualStudioVersion = 10.0.40219.1
Project("{FAE04EC0-301F-11D3-BF4B-00C04F79EFBC}") = "igeekhome_01", "igeekhome_01\igeekhome_01.csproj", "{39A520B4-10D1-4E9E-BDC7-E24B8C97C4C3}"
EndProject
Global
	GlobalSection(SolutionConfigurationPlatforms) = preSolution
		Debug|Any CPU = Debug|Any CPU
		Release|Any CPU = Release|Any CPU
	EndGlobalSection
	GlobalSection(ProjectConfigurationPlatforms) = postSolution
		{39A520B4-10D1-4E9E-BDC7-E24B8C97C4C3}.Debug|Any CPU.ActiveCfg = Debug|Any CPU
		{39A520B4-10D1-4E9E-BDC7-E24B8C97C4C3}.Debug|Any CPU.Build.0 = Debug|Any CPU
		{39A520B4-10D1-4E9E-BDC7-E24B8C97C4C3}.Release|Any CPU.ActiveCfg = Release|Any CPU
		{39A520B4-10D1-4E9E-BDC7-E24B8C97C4C3}.Release|Any CPU.Build.0 = Release|Any CPU
	EndGlobalSection
	GlobalSection(SolutionProperties) = preSolution
		HideSolutionNode = FALSE
	EndGlobalSection
	GlobalSection(ExtensibilityGlobals) = postSolution
		SolutionGuid = {A082D84F-EB51-48CD-8B81-9DD7BE65FEC8}
	EndGlobalSection
EndGlobal
